// !$*UTF8*$!
{
	archiveVersion = 1;
	classes = {
	};
	objectVersion = 56;
	objects = {

/* Begin PBXBuildFile section */
		1D40AC072B28C608001AD111 /* AppDelegate.swift in Sources */ = {isa = PBXBuildFile; fileRef = 1D40AC062B28C608001AD111 /* AppDelegate.swift */; };
		1D40AC092B28C608001AD111 /* SceneDelegate.swift in Sources */ = {isa = PBXBuildFile; fileRef = 1D40AC082B28C608001AD111 /* SceneDelegate.swift */; };
		1D40AC102B28C612001AD111 /* Assets.xcassets in Resources */ = {isa = PBXBuildFile; fileRef = 1D40AC0F2B28C612001AD111 /* Assets.xcassets */; };
		1D40AC132B28C612001AD111 /* LaunchScreen.storyboard in Resources */ = {isa = PBXBuildFile; fileRef = 1D40AC112B28C612001AD111 /* LaunchScreen.storyboard */; };
		1D40AC202B28C6A4001AD111 /* HomeVC.swift in Sources */ = {isa = PBXBuildFile; fileRef = 1D40AC1F2B28C6A4001AD111 /* HomeVC.swift */; };
		1D40AC232B28C6E4001AD111 /* Weather.swift in Sources */ = {isa = PBXBuildFile; fileRef = 1D40AC222B28C6E4001AD111 /* Weather.swift */; };
		1D40AC262B28C709001AD111 /* WeatherManager.swift in Sources */ = {isa = PBXBuildFile; fileRef = 1D40AC252B28C709001AD111 /* WeatherManager.swift */; };
		1D40AC312B28CB81001AD111 /* ReusableButton.swift in Sources */ = {isa = PBXBuildFile; fileRef = 1D40AC2A2B28CB81001AD111 /* ReusableButton.swift */; };
		1D40AC322B28CB81001AD111 /* ReusableLabel.swift in Sources */ = {isa = PBXBuildFile; fileRef = 1D40AC2B2B28CB81001AD111 /* ReusableLabel.swift */; };
		1D40AC332B28CB81001AD111 /* ReusableTextfield.swift in Sources */ = {isa = PBXBuildFile; fileRef = 1D40AC2C2B28CB81001AD111 /* ReusableTextfield.swift */; };
		1D40AC342B28CB81001AD111 /* ReusableBodyLabel.swift in Sources */ = {isa = PBXBuildFile; fileRef = 1D40AC2D2B28CB81001AD111 /* ReusableBodyLabel.swift */; };
		1D40AC352B28CB81001AD111 /* ReusableSystemImage.swift in Sources */ = {isa = PBXBuildFile; fileRef = 1D40AC2E2B28CB81001AD111 /* ReusableSystemImage.swift */; };
		1D40AC362B28CB81001AD111 /* ReusableView.swift in Sources */ = {isa = PBXBuildFile; fileRef = 1D40AC2F2B28CB81001AD111 /* ReusableView.swift */; };
		1D40AC3F2B291E19001AD111 /* MinMaxView.swift in Sources */ = {isa = PBXBuildFile; fileRef = 1D40AC3E2B291E19001AD111 /* MinMaxView.swift */; };
/* End PBXBuildFile section */

/* Begin PBXFileReference section */
		1D40AC032B28C608001AD111 /* WeatherApp.app */ = {isa = PBXFileReference; explicitFileType = wrapper.application; includeInIndex = 0; path = WeatherApp.app; sourceTree = BUILT_PRODUCTS_DIR; };
		1D40AC062B28C608001AD111 /* AppDelegate.swift */ = {isa = PBXFileReference; lastKnownFileType = sourcecode.swift; path = AppDelegate.swift; sourceTree = "<group>"; };
		1D40AC082B28C608001AD111 /* SceneDelegate.swift */ = {isa = PBXFileReference; lastKnownFileType = sourcecode.swift; path = SceneDelegate.swift; sourceTree = "<group>"; };
		1D40AC0F2B28C612001AD111 /* Assets.xcassets */ = {isa = PBXFileReference; lastKnownFileType = folder.assetcatalog; path = Assets.xcassets; sourceTree = "<group>"; };
		1D40AC122B28C612001AD111 /* Base */ = {isa = PBXFileReference; lastKnownFileType = file.storyboard; name = Base; path = Base.lproj/LaunchScreen.storyboard; sourceTree = "<group>"; };
		1D40AC142B28C612001AD111 /* Info.plist */ = {isa = PBXFileReference; lastKnownFileType = text.plist.xml; path = Info.plist; sourceTree = "<group>"; };
		1D40AC1F2B28C6A4001AD111 /* HomeVC.swift */ = {isa = PBXFileReference; lastKnownFileType = sourcecode.swift; path = HomeVC.swift; sourceTree = "<group>"; };
		1D40AC222B28C6E4001AD111 /* Weather.swift */ = {isa = PBXFileReference; lastKnownFileType = sourcecode.swift; path = Weather.swift; sourceTree = "<group>"; };
		1D40AC252B28C709001AD111 /* WeatherManager.swift */ = {isa = PBXFileReference; lastKnownFileType = sourcecode.swift; path = WeatherManager.swift; sourceTree = "<group>"; };
		1D40AC2A2B28CB81001AD111 /* ReusableButton.swift */ = {isa = PBXFileReference; fileEncoding = 4; lastKnownFileType = sourcecode.swift; path = ReusableButton.swift; sourceTree = "<group>"; };
		1D40AC2B2B28CB81001AD111 /* ReusableLabel.swift */ = {isa = PBXFileReference; fileEncoding = 4; lastKnownFileType = sourcecode.swift; path = ReusableLabel.swift; sourceTree = "<group>"; };
		1D40AC2C2B28CB81001AD111 /* ReusableTextfield.swift */ = {isa = PBXFileReference; fileEncoding = 4; lastKnownFileType = sourcecode.swift; path = ReusableTextfield.swift; sourceTree = "<group>"; };
		1D40AC2D2B28CB81001AD111 /* ReusableBodyLabel.swift */ = {isa = PBXFileReference; fileEncoding = 4; lastKnownFileType = sourcecode.swift; path = ReusableBodyLabel.swift; sourceTree = "<group>"; };
		1D40AC2E2B28CB81001AD111 /* ReusableSystemImage.swift */ = {isa = PBXFileReference; fileEncoding = 4; lastKnownFileType = sourcecode.swift; path = ReusableSystemImage.swift; sourceTree = "<group>"; };
		1D40AC2F2B28CB81001AD111 /* ReusableView.swift */ = {isa = PBXFileReference; fileEncoding = 4; lastKnownFileType = sourcecode.swift; path = ReusableView.swift; sourceTree = "<group>"; };
		1D40AC3E2B291E19001AD111 /* MinMaxView.swift */ = {isa = PBXFileReference; lastKnownFileType = sourcecode.swift; path = MinMaxView.swift; sourceTree = "<group>"; };
/* End PBXFileReference section */

/* Begin PBXFrameworksBuildPhase section */
		1D40AC002B28C608001AD111 /* Frameworks */ = {
			isa = PBXFrameworksBuildPhase;
			buildActionMask = 2147483647;
			files = (
			);
			runOnlyForDeploymentPostprocessing = 0;
		};
/* End PBXFrameworksBuildPhase section */

/* Begin PBXGroup section */
		1D40ABFA2B28C608001AD111 = {
			isa = PBXGroup;
			children = (
				1D40AC052B28C608001AD111 /* WeatherApp */,
				1D40AC042B28C608001AD111 /* Products */,
			);
			sourceTree = "<group>";
		};
		1D40AC042B28C608001AD111 /* Products */ = {
			isa = PBXGroup;
			children = (
				1D40AC032B28C608001AD111 /* WeatherApp.app */,
			);
			name = Products;
			sourceTree = "<group>";
		};
		1D40AC052B28C608001AD111 /* WeatherApp */ = {
			isa = PBXGroup;
			children = (
				1D40AC1D2B28C667001AD111 /* Supporting */,
				1D40AC242B28C6F4001AD111 /* Managers */,
				1D40AC212B28C6CB001AD111 /* Models */,
				1D40AC272B28CA96001AD111 /* Views */,
				1D40AC1A2B28C623001AD111 /* Controllers */,
				1D40AC142B28C612001AD111 /* Info.plist */,
			);
			path = WeatherApp;
			sourceTree = "<group>";
		};
		1D40AC1A2B28C623001AD111 /* Controllers */ = {
			isa = PBXGroup;
			children = (
				1D40AC1F2B28C6A4001AD111 /* HomeVC.swift */,
			);
			path = Controllers;
			sourceTree = "<group>";
		};
		1D40AC1D2B28C667001AD111 /* Supporting */ = {
			isa = PBXGroup;
			children = (
				1D40AC062B28C608001AD111 /* AppDelegate.swift */,
				1D40AC082B28C608001AD111 /* SceneDelegate.swift */,
				1D40AC0F2B28C612001AD111 /* Assets.xcassets */,
				1D40AC112B28C612001AD111 /* LaunchScreen.storyboard */,
			);
			path = Supporting;
			sourceTree = "<group>";
		};
		1D40AC212B28C6CB001AD111 /* Models */ = {
			isa = PBXGroup;
			children = (
				1D40AC222B28C6E4001AD111 /* Weather.swift */,
			);
			path = Models;
			sourceTree = "<group>";
		};
		1D40AC242B28C6F4001AD111 /* Managers */ = {
			isa = PBXGroup;
			children = (
				1D40AC252B28C709001AD111 /* WeatherManager.swift */,
			);
			path = Managers;
			sourceTree = "<group>";
		};
		1D40AC272B28CA96001AD111 /* Views */ = {
			isa = PBXGroup;
			children = (
				1D40AC282B28CB81001AD111 /* Reusable Views */,
				1D40AC3E2B291E19001AD111 /* MinMaxView.swift */,
			);
			path = Views;
			sourceTree = "<group>";
		};
		1D40AC282B28CB81001AD111 /* Reusable Views */ = {
			isa = PBXGroup;
			children = (
				1D40AC2A2B28CB81001AD111 /* ReusableButton.swift */,
				1D40AC2B2B28CB81001AD111 /* ReusableLabel.swift */,
				1D40AC2C2B28CB81001AD111 /* ReusableTextfield.swift */,
				1D40AC2D2B28CB81001AD111 /* ReusableBodyLabel.swift */,
				1D40AC2E2B28CB81001AD111 /* ReusableSystemImage.swift */,
				1D40AC2F2B28CB81001AD111 /* ReusableView.swift */,
			);
			path = "Reusable Views";
			sourceTree = "<group>";
		};
/* End PBXGroup section */

/* Begin PBXNativeTarget section */
		1D40AC022B28C608001AD111 /* WeatherApp */ = {
			isa = PBXNativeTarget;
			buildConfigurationList = 1D40AC172B28C612001AD111 /* Build configuration list for PBXNativeTarget "WeatherApp" */;
			buildPhases = (
				1D40ABFF2B28C608001AD111 /* Sources */,
				1D40AC002B28C608001AD111 /* Frameworks */,
				1D40AC012B28C608001AD111 /* Resources */,
			);
			buildRules = (
			);
			dependencies = (
			);
			name = WeatherApp;
			productName = WeatherApp;
			productReference = 1D40AC032B28C608001AD111 /* WeatherApp.app */;
			productType = "com.apple.product-type.application";
		};
/* End PBXNativeTarget section */

/* Begin PBXProject section */
		1D40ABFB2B28C608001AD111 /* Project object */ = {
			isa = PBXProject;
			attributes = {
				BuildIndependentTargetsInParallel = 1;
				LastSwiftUpdateCheck = 1420;
				LastUpgradeCheck = 1420;
				TargetAttributes = {
					1D40AC022B28C608001AD111 = {
						CreatedOnToolsVersion = 14.2;
					};
				};
			};
			buildConfigurationList = 1D40ABFE2B28C608001AD111 /* Build configuration list for PBXProject "WeatherApp" */;
			compatibilityVersion = "Xcode 14.0";
			developmentRegion = en;
			hasScannedForEncodings = 0;
			knownRegions = (
				en,
				Base,
			);
			mainGroup = 1D40ABFA2B28C608001AD111;
			productRefGroup = 1D40AC042B28C608001AD111 /* Products */;
			projectDirPath = "";
			projectRoot = "";
			targets = (
				1D40AC022B28C608001AD111 /* WeatherApp */,
			);
		};
/* End PBXProject section */

/* Begin PBXResourcesBuildPhase section */
		1D40AC012B28C608001AD111 /* Resources */ = {
			isa = PBXResourcesBuildPhase;
			buildActionMask = 2147483647;
			files = (
				1D40AC132B28C612001AD111 /* LaunchScreen.storyboard in Resources */,
				1D40AC102B28C612001AD111 /* Assets.xcassets in Resources */,
			);
			runOnlyForDeploymentPostprocessing = 0;
		};
/* End PBXResourcesBuildPhase section */

/* Begin PBXSourcesBuildPhase section */
		1D40ABFF2B28C608001AD111 /* Sources */ = {
			isa = PBXSourcesBuildPhase;
			buildActionMask = 2147483647;
			files = (
				1D40AC3F2B291E19001AD111 /* MinMaxView.swift in Sources */,
				1D40AC232B28C6E4001AD111 /* Weather.swift in Sources */,
				1D40AC332B28CB81001AD111 /* ReusableTextfield.swift in Sources */,
				1D40AC322B28CB81001AD111 /* ReusableLabel.swift in Sources */,
				1D40AC362B28CB81001AD111 /* ReusableView.swift in Sources */,
				1D40AC342B28CB81001AD111 /* ReusableBodyLabel.swift in Sources */,
				1D40AC202B28C6A4001AD111 /* HomeVC.swift in Sources */,
				1D40AC312B28CB81001AD111 /* ReusableButton.swift in Sources */,
				1D40AC262B28C709001AD111 /* WeatherManager.swift in Sources */,
				1D40AC352B28CB81001AD111 /* ReusableSystemImage.swift in Sources */,
				1D40AC072B28C608001AD111 /* AppDelegate.swift in Sources */,
				1D40AC092B28C608001AD111 /* SceneDelegate.swift in Sources */,
			);
			runOnlyForDeploymentPostprocessing = 0;
		};
/* End PBXSourcesBuildPhase section */

/* Begin PBXVariantGroup section */
		1D40AC112B28C612001AD111 /* LaunchScreen.storyboard */ = {
			isa = PBXVariantGroup;
			children = (
				1D40AC122B28C612001AD111 /* Base */,
			);
			name = LaunchScreen.storyboard;
			sourceTree = "<group>";
		};
/* End PBXVariantGroup section */

/* Begin XCBuildConfiguration section */
		1D40AC152B28C612001AD111 /* Debug */ = {
			isa = XCBuildConfiguration;
			buildSettings = {
				ALWAYS_SEARCH_USER_PATHS = NO;
				CLANG_ANALYZER_NONNULL = YES;
				CLANG_ANALYZER_NUMBER_OBJECT_CONVERSION = YES_AGGRESSIVE;
				CLANG_CXX_LANGUAGE_STANDARD = "gnu++20";
				CLANG_ENABLE_MODULES = YES;
				CLANG_ENABLE_OBJC_ARC = YES;
				CLANG_ENABLE_OBJC_WEAK = YES;
				CLANG_WARN_BLOCK_CAPTURE_AUTORELEASING = YES;
				CLANG_WARN_BOOL_CONVERSION = YES;
				CLANG_WARN_COMMA = YES;
				CLANG_WARN_CONSTANT_CONVERSION = YES;
				CLANG_WARN_DEPRECATED_OBJC_IMPLEMENTATIONS = YES;
				CLANG_WARN_DIRECT_OBJC_ISA_USAGE = YES_ERROR;
				CLANG_WARN_DOCUMENTATION_COMMENTS = YES;
				CLANG_WARN_EMPTY_BODY = YES;
				CLANG_WARN_ENUM_CONVERSION = YES;
				CLANG_WARN_INFINITE_RECURSION = YES;
				CLANG_WARN_INT_CONVERSION = YES;
				CLANG_WARN_NON_LITERAL_NULL_CONVERSION = YES;
				CLANG_WARN_OBJC_IMPLICIT_RETAIN_SELF = YES;
				CLANG_WARN_OBJC_LITERAL_CONVERSION = YES;
				CLANG_WARN_OBJC_ROOT_CLASS = YES_ERROR;
				CLANG_WARN_QUOTED_INCLUDE_IN_FRAMEWORK_HEADER = YES;
				CLANG_WARN_RANGE_LOOP_ANALYSIS = YES;
				CLANG_WARN_STRICT_PROTOTYPES = YES;
				CLANG_WARN_SUSPICIOUS_MOVE = YES;
				CLANG_WARN_UNGUARDED_AVAILABILITY = YES_AGGRESSIVE;
				CLANG_WARN_UNREACHABLE_CODE = YES;
				CLANG_WARN__DUPLICATE_METHOD_MATCH = YES;
				COPY_PHASE_STRIP = NO;
				DEBUG_INFORMATION_FORMAT = dwarf;
				ENABLE_STRICT_OBJC_MSGSEND = YES;
				ENABLE_TESTABILITY = YES;
				GCC_C_LANGUAGE_STANDARD = gnu11;
				GCC_DYNAMIC_NO_PIC = NO;
				GCC_NO_COMMON_BLOCKS = YES;
				GCC_OPTIMIZATION_LEVEL = 0;
				GCC_PREPROCESSOR_DEFINITIONS = (
					"DEBUG=1",
					"$(inherited)",
				);
				GCC_WARN_64_TO_32_BIT_CONVERSION = YES;
				GCC_WARN_ABOUT_RETURN_TYPE = YES_ERROR;
				GCC_WARN_UNDECLARED_SELECTOR = YES;
				GCC_WARN_UNINITIALIZED_AUTOS = YES_AGGRESSIVE;
				GCC_WARN_UNUSED_FUNCTION = YES;
				GCC_WARN_UNUSED_VARIABLE = YES;
				IPHONEOS_DEPLOYMENT_TARGET = 16.2;
				MTL_ENABLE_DEBUG_INFO = INCLUDE_SOURCE;
				MTL_FAST_MATH = YES;
				ONLY_ACTIVE_ARCH = YES;
				SDKROOT = iphoneos;
				SWIFT_ACTIVE_COMPILATION_CONDITIONS = DEBUG;
				SWIFT_OPTIMIZATION_LEVEL = "-Onone";
			};
			name = Debug;
		};
		1D40AC162B28C612001AD111 /* Release */ = {
			isa = XCBuildConfiguration;
			buildSettings = {
				ALWAYS_SEARCH_USER_PATHS = NO;
				CLANG_ANALYZER_NONNULL = YES;
				CLANG_ANALYZER_NUMBER_OBJECT_CONVERSION = YES_AGGRESSIVE;
				CLANG_CXX_LANGUAGE_STANDARD = "gnu++20";
				CLANG_ENABLE_MODULES = YES;
				CLANG_ENABLE_OBJC_ARC = YES;
				CLANG_ENABLE_OBJC_WEAK = YES;
				CLANG_WARN_BLOCK_CAPTURE_AUTORELEASING = YES;
				CLANG_WARN_BOOL_CONVERSION = YES;
				CLANG_WARN_COMMA = YES;
				CLANG_WARN_CONSTANT_CONVERSION = YES;
				CLANG_WARN_DEPRECATED_OBJC_IMPLEMENTATIONS = YES;
				CLANG_WARN_DIRECT_OBJC_ISA_USAGE = YES_ERROR;
				CLANG_WARN_DOCUMENTATION_COMMENTS = YES;
				CLANG_WARN_EMPTY_BODY = YES;
				CLANG_WARN_ENUM_CONVERSION = YES;
				CLANG_WARN_INFINITE_RECURSION = YES;
				CLANG_WARN_INT_CONVERSION = YES;
				CLANG_WARN_NON_LITERAL_NULL_CONVERSION = YES;
				CLANG_WARN_OBJC_IMPLICIT_RETAIN_SELF = YES;
				CLANG_WARN_OBJC_LITERAL_CONVERSION = YES;
				CLANG_WARN_OBJC_ROOT_CLASS = YES_ERROR;
				CLANG_WARN_QUOTED_INCLUDE_IN_FRAMEWORK_HEADER = YES;
				CLANG_WARN_RANGE_LOOP_ANALYSIS = YES;
				CLANG_WARN_STRICT_PROTOTYPES = YES;
				CLANG_WARN_SUSPICIOUS_MOVE = YES;
				CLANG_WARN_UNGUARDED_AVAILABILITY = YES_AGGRESSIVE;
				CLANG_WARN_UNREACHABLE_CODE = YES;
				CLANG_WARN__DUPLICATE_METHOD_MATCH = YES;
				COPY_PHASE_STRIP = NO;
				DEBUG_INFORMATION_FORMAT = "dwarf-with-dsym";
				ENABLE_NS_ASSERTIONS = NO;
				ENABLE_STRICT_OBJC_MSGSEND = YES;
				GCC_C_LANGUAGE_STANDARD = gnu11;
				GCC_NO_COMMON_BLOCKS = YES;
				GCC_WARN_64_TO_32_BIT_CONVERSION = YES;
				GCC_WARN_ABOUT_RETURN_TYPE = YES_ERROR;
				GCC_WARN_UNDECLARED_SELECTOR = YES;
				GCC_WARN_UNINITIALIZED_AUTOS = YES_AGGRESSIVE;
				GCC_WARN_UNUSED_FUNCTION = YES;
				GCC_WARN_UNUSED_VARIABLE = YES;
				IPHONEOS_DEPLOYMENT_TARGET = 16.2;
				MTL_ENABLE_DEBUG_INFO = NO;
				MTL_FAST_MATH = YES;
				SDKROOT = iphoneos;
				SWIFT_COMPILATION_MODE = wholemodule;
				SWIFT_OPTIMIZATION_LEVEL = "-O";
				VALIDATE_PRODUCT = YES;
			};
			name = Release;
		};
		1D40AC182B28C612001AD111 /* Debug */ = {
			isa = XCBuildConfiguration;
			buildSettings = {
				ASSETCATALOG_COMPILER_APPICON_NAME = AppIcon;
				ASSETCATALOG_COMPILER_GLOBAL_ACCENT_COLOR_NAME = AccentColor;
				CODE_SIGN_STYLE = Automatic;
				CURRENT_PROJECT_VERSION = 1;
				GENERATE_INFOPLIST_FILE = YES;
				INFOPLIST_FILE = WeatherApp/Info.plist;
				INFOPLIST_KEY_UIApplicationSupportsIndirectInputEvents = YES;
				INFOPLIST_KEY_UILaunchStoryboardName = LaunchScreen;
				INFOPLIST_KEY_UISupportedInterfaceOrientations_iPad = "UIInterfaceOrientationPortrait UIInterfaceOrientationPortraitUpsideDown UIInterfaceOrientationLandscapeLeft UIInterfaceOrientationLandscapeRight";
				INFOPLIST_KEY_UISupportedInterfaceOrientations_iPhone = "UIInterfaceOrientationPortrait UIInterfaceOrientationLandscapeLeft UIInterfaceOrientationLandscapeRight";
				LD_RUNPATH_SEARCH_PATHS = (
					"$(inherited)",
					"@executable_path/Frameworks",
				);
				MARKETING_VERSION = 1.0;
				PRODUCT_BUNDLE_IDENTIFIER = com.thomas.WeatherApp;
				PRODUCT_NAME = "$(TARGET_NAME)";
				SWIFT_EMIT_LOC_STRINGS = YES;
				SWIFT_VERSION = 5.0;
				TARGETED_DEVICE_FAMILY = "1,2";
			};
			name = Debug;
		};
		1D40AC192B28C612001AD111 /* Release */ = {
			isa = XCBuildConfiguration;
			buildSettings = {
				ASSETCATALOG_COMPILER_APPICON_NAME = AppIcon;
				ASSETCATALOG_COMPILER_GLOBAL_ACCENT_COLOR_NAME = AccentColor;
				CODE_SIGN_STYLE = Automatic;
				CURRENT_PROJECT_VERSION = 1;
				GENERATE_INFOPLIST_FILE = YES;
				INFOPLIST_FILE = WeatherApp/Info.plist;
				INFOPLIST_KEY_UIApplicationSupportsIndirectInputEvents = YES;
				INFOPLIST_KEY_UILaunchStoryboardName = LaunchScreen;
				INFOPLIST_KEY_UISupportedInterfaceOrientations_iPad = "UIInterfaceOrientationPortrait UIInterfaceOrientationPortraitUpsideDown UIInterfaceOrientationLandscapeLeft UIInterfaceOrientationLandscapeRight";
				INFOPLIST_KEY_UISupportedInterfaceOrientations_iPhone = "UIInterfaceOrientationPortrait UIInterfaceOrientationLandscapeLeft UIInterfaceOrientationLandscapeRight";
				LD_RUNPATH_SEARCH_PATHS = (
					"$(inherited)",
					"@executable_path/Frameworks",
				);
				MARKETING_VERSION = 1.0;
				PRODUCT_BUNDLE_IDENTIFIER = com.thomas.WeatherApp;
				PRODUCT_NAME = "$(TARGET_NAME)";
				SWIFT_EMIT_LOC_STRINGS = YES;
				SWIFT_VERSION = 5.0;
				TARGETED_DEVICE_FAMILY = "1,2";
			};
			name = Release;
		};
/* End XCBuildConfiguration section */

/* Begin XCConfigurationList section */
		1D40ABFE2B28C608001AD111 /* Build configuration list for PBXProject "WeatherApp" */ = {
			isa = XCConfigurationList;
			buildConfigurations = (
				1D40AC152B28C612001AD111 /* Debug */,
				1D40AC162B28C612001AD111 /* Release */,
			);
			defaultConfigurationIsVisible = 0;
			defaultConfigurationName = Release;
		};
		1D40AC172B28C612001AD111 /* Build configuration list for PBXNativeTarget "WeatherApp" */ = {
			isa = XCConfigurationList;
			buildConfigurations = (
				1D40AC182B28C612001AD111 /* Debug */,
				1D40AC192B28C612001AD111 /* Release */,
			);
			defaultConfigurationIsVisible = 0;
			defaultConfigurationName = Release;
		};
/* End XCConfigurationList section */
	};
	rootObject = 1D40ABFB2B28C608001AD111 /* Project object */;
}
